
Microsoft Visual Studio Solution File, Format Version 12.00
# Visual Studio Version 16
VisualStudioVersion = 16.0.32228.343
MinimumVisualStudioVersion = 10.0.40219.1
Project("{9A19103F-16F7-4668-BE54-9A1E7A4F7556}") = "Car-App", "Car-App\Car-App.csproj", "{B4E94615-522F-4843-A246-65F26AEDE58C}"
EndProject
Project("{54435603-DBB4-11D2-8724-00A0C9A8B90C}") = "WPFAppInstaller", "WPFAppInstaller\WPFAppInstaller.vdproj", "{CA31248D-0F10-4D78-867D-03CCAE8B883E}"
EndProject
Global
	GlobalSection(SolutionConfigurationPlatforms) = preSolution
		Debug|Any CPU = Debug|Any CPU
		Release|Any CPU = Release|Any CPU
	EndGlobalSection
	GlobalSection(ProjectConfigurationPlatforms) = postSolution
		{B4E94615-522F-4843-A246-65F26AEDE58C}.Debug|Any CPU.ActiveCfg = Debug|Any CPU
		{B4E94615-522F-4843-A246-65F26AEDE58C}.Debug|Any CPU.Build.0 = Debug|Any CPU
		{B4E94615-522F-4843-A246-65F26AEDE58C}.Release|Any CPU.ActiveCfg = Release|Any CPU
		{B4E94615-522F-4843-A246-65F26AEDE58C}.Release|Any CPU.Build.0 = Release|Any CPU
		{CA31248D-0F10-4D78-867D-03CCAE8B883E}.Debug|Any CPU.ActiveCfg = Debug
		{CA31248D-0F10-4D78-867D-03CCAE8B883E}.Release|Any CPU.ActiveCfg = Release
	EndGlobalSection
	GlobalSection(SolutionProperties) = preSolution
		HideSolutionNode = FALSE
	EndGlobalSection
	GlobalSection(ExtensibilityGlobals) = postSolution
		SolutionGuid = {4A4B0BDB-58F6-4A14-8E8F-F7AFD1772AA2}
	EndGlobalSection
EndGlobal
